
Microsoft Visual Studio Solution File, Format Version 12.00
# Visual Studio Version 17
VisualStudioVersion = 17.8.34408.163
MinimumVisualStudioVersion = 10.0.40219.1
Project("{FAE04EC0-301F-11D3-BF4B-00C04F79EFBC}") = "SV_Crop_Calendar", "MS539_1_17_2024_GUI\SV_Crop_Calendar.csproj", "{0289C0B8-84A3-45A5-92FB-CDAB90F9288D}"
EndProject
Global
	GlobalSection(SolutionConfigurationPlatforms) = preSolution
		Debug|Any CPU = Debug|Any CPU
		Release|Any CPU = Release|Any CPU
	EndGlobalSection
	GlobalSection(ProjectConfigurationPlatforms) = postSolution
		{0289C0B8-84A3-45A5-92FB-CDAB90F9288D}.Debug|Any CPU.ActiveCfg = Debug|Any CPU
		{0289C0B8-84A3-45A5-92FB-CDAB90F9288D}.Debug|Any CPU.Build.0 = Debug|Any CPU
		{0289C0B8-84A3-45A5-92FB-CDAB90F9288D}.Release|Any CPU.ActiveCfg = Release|Any CPU
		{0289C0B8-84A3-45A5-92FB-CDAB90F9288D}.Release|Any CPU.Build.0 = Release|Any CPU
	EndGlobalSection
	GlobalSection(SolutionProperties) = preSolution
		HideSolutionNode = FALSE
	EndGlobalSection
	GlobalSection(ExtensibilityGlobals) = postSolution
		SolutionGuid = {6A06FDBF-5CD0-46A4-9669-49D59986FF94}
	EndGlobalSection
EndGlobal
